// !$*UTF8*$!
{
	archiveVersion = 1;
	classes = {
	};
	objectVersion = 56;
	objects = {

/* Begin PBXBuildFile section */
		D6EBC7A42B2FF53D00A71CCF /* AppDelegate.m in Sources */ = {isa = PBXBuildFile; fileRef = D6EBC7A32B2FF53D00A71CCF /* AppDelegate.m */; };
		D6EBC7A72B2FF53D00A71CCF /* SceneDelegate.m in Sources */ = {isa = PBXBuildFile; fileRef = D6EBC7A62B2FF53D00A71CCF /* SceneDelegate.m */; };
		D6EBC7AA2B2FF53D00A71CCF /* NewsViewController.m in Sources */ = {isa = PBXBuildFile; fileRef = D6EBC7A92B2FF53D00A71CCF /* NewsViewController.m */; };
		D6EBC7AD2B2FF53D00A71CCF /* Main.storyboard in Resources */ = {isa = PBXBuildFile; fileRef = D6EBC7AB2B2FF53D00A71CCF /* Main.storyboard */; };
		D6EBC7AF2B2FF53F00A71CCF /* Assets.xcassets in Resources */ = {isa = PBXBuildFile; fileRef = D6EBC7AE2B2FF53F00A71CCF /* Assets.xcassets */; };
		D6EBC7B22B2FF53F00A71CCF /* LaunchScreen.storyboard in Resources */ = {isa = PBXBuildFile; fileRef = D6EBC7B02B2FF53F00A71CCF /* LaunchScreen.storyboard */; };
		D6EBC7B52B2FF53F00A71CCF /* main.m in Sources */ = {isa = PBXBuildFile; fileRef = D6EBC7B42B2FF53F00A71CCF /* main.m */; };
		D6EBC7BD2B2FF87600A71CCF /* icon.bundle in Resources */ = {isa = PBXBuildFile; fileRef = D6EBC7BC2B2FF87600A71CCF /* icon.bundle */; };
		D6EBC7C52B30250400A71CCF /* VideoViewController.m in Sources */ = {isa = PBXBuildFile; fileRef = D6EBC7C42B30250400A71CCF /* VideoViewController.m */; };
		D6EBC7C92B30455A00A71CCF /* RecommendViewController.m in Sources */ = {isa = PBXBuildFile; fileRef = D6EBC7C82B30455A00A71CCF /* RecommendViewController.m */; };
		D6EBC7CD2B31331800A71CCF /* NormalTableViewCell.m in Sources */ = {isa = PBXBuildFile; fileRef = D6EBC7CC2B31331800A71CCF /* NormalTableViewCell.m */; };
		D6EBC7E62B328B4600A71CCF /* NewsDetailsViewController.m in Sources */ = {isa = PBXBuildFile; fileRef = D6EBC7E52B328B4600A71CCF /* NewsDetailsViewController.m */; };
		D6EBC7E92B32C4BE00A71CCF /* DFDeleteCellView.m in Sources */ = {isa = PBXBuildFile; fileRef = D6EBC7E82B32C4BE00A71CCF /* DFDeleteCellView.m */; };
/* End PBXBuildFile section */

/* Begin PBXFileReference section */
		D6EBC79F2B2FF53D00A71CCF /* myfirstiosapp.app */ = {isa = PBXFileReference; explicitFileType = wrapper.application; includeInIndex = 0; path = myfirstiosapp.app; sourceTree = BUILT_PRODUCTS_DIR; };
		D6EBC7A22B2FF53D00A71CCF /* AppDelegate.h */ = {isa = PBXFileReference; lastKnownFileType = sourcecode.c.h; path = AppDelegate.h; sourceTree = "<group>"; };
		D6EBC7A32B2FF53D00A71CCF /* AppDelegate.m */ = {isa = PBXFileReference; lastKnownFileType = sourcecode.c.objc; path = AppDelegate.m; sourceTree = "<group>"; };
		D6EBC7A52B2FF53D00A71CCF /* SceneDelegate.h */ = {isa = PBXFileReference; lastKnownFileType = sourcecode.c.h; path = SceneDelegate.h; sourceTree = "<group>"; };
		D6EBC7A62B2FF53D00A71CCF /* SceneDelegate.m */ = {isa = PBXFileReference; lastKnownFileType = sourcecode.c.objc; path = SceneDelegate.m; sourceTree = "<group>"; };
		D6EBC7A82B2FF53D00A71CCF /* NewsViewController.h */ = {isa = PBXFileReference; lastKnownFileType = sourcecode.c.h; path = NewsViewController.h; sourceTree = "<group>"; };
		D6EBC7A92B2FF53D00A71CCF /* NewsViewController.m */ = {isa = PBXFileReference; lastKnownFileType = sourcecode.c.objc; path = NewsViewController.m; sourceTree = "<group>"; };
		D6EBC7AC2B2FF53D00A71CCF /* Base */ = {isa = PBXFileReference; lastKnownFileType = file.storyboard; name = Base; path = Base.lproj/Main.storyboard; sourceTree = "<group>"; };
		D6EBC7AE2B2FF53F00A71CCF /* Assets.xcassets */ = {isa = PBXFileReference; lastKnownFileType = folder.assetcatalog; path = Assets.xcassets; sourceTree = "<group>"; };
		D6EBC7B12B2FF53F00A71CCF /* Base */ = {isa = PBXFileReference; lastKnownFileType = file.storyboard; name = Base; path = Base.lproj/LaunchScreen.storyboard; sourceTree = "<group>"; };
		D6EBC7B32B2FF53F00A71CCF /* Info.plist */ = {isa = PBXFileReference; lastKnownFileType = text.plist.xml; path = Info.plist; sourceTree = "<group>"; };
		D6EBC7B42B2FF53F00A71CCF /* main.m */ = {isa = PBXFileReference; lastKnownFileType = sourcecode.c.objc; path = main.m; sourceTree = "<group>"; };
		D6EBC7BC2B2FF87600A71CCF /* icon.bundle */ = {isa = PBXFileReference; lastKnownFileType = "wrapper.plug-in"; name = icon.bundle; path = "../../../Downloads/geektime-ios-course-master/project/SampleApp/icon.bundle"; sourceTree = "<group>"; };
		D6EBC7C42B30250400A71CCF /* VideoViewController.m */ = {isa = PBXFileReference; lastKnownFileType = sourcecode.c.objc; path = VideoViewController.m; sourceTree = "<group>"; };
		D6EBC7C62B30251A00A71CCF /* VideoViewController.h */ = {isa = PBXFileReference; lastKnownFileType = sourcecode.c.h; path = VideoViewController.h; sourceTree = "<group>"; };
		D6EBC7C72B30455A00A71CCF /* RecommendViewController.h */ = {isa = PBXFileReference; lastKnownFileType = sourcecode.c.h; path = RecommendViewController.h; sourceTree = "<group>"; };
		D6EBC7C82B30455A00A71CCF /* RecommendViewController.m */ = {isa = PBXFileReference; lastKnownFileType = sourcecode.c.objc; path = RecommendViewController.m; sourceTree = "<group>"; };
		D6EBC7CB2B31331800A71CCF /* NormalTableViewCell.h */ = {isa = PBXFileReference; lastKnownFileType = sourcecode.c.h; path = NormalTableViewCell.h; sourceTree = "<group>"; };
		D6EBC7CC2B31331800A71CCF /* NormalTableViewCell.m */ = {isa = PBXFileReference; lastKnownFileType = sourcecode.c.objc; path = NormalTableViewCell.m; sourceTree = "<group>"; };
		D6EBC7E42B328B4600A71CCF /* NewsDetailsViewController.h */ = {isa = PBXFileReference; lastKnownFileType = sourcecode.c.h; path = NewsDetailsViewController.h; sourceTree = "<group>"; };
		D6EBC7E52B328B4600A71CCF /* NewsDetailsViewController.m */ = {isa = PBXFileReference; lastKnownFileType = sourcecode.c.objc; path = NewsDetailsViewController.m; sourceTree = "<group>"; };
		D6EBC7E72B32C4BE00A71CCF /* DFDeleteCellView.h */ = {isa = PBXFileReference; lastKnownFileType = sourcecode.c.h; path = DFDeleteCellView.h; sourceTree = "<group>"; };
		D6EBC7E82B32C4BE00A71CCF /* DFDeleteCellView.m */ = {isa = PBXFileReference; lastKnownFileType = sourcecode.c.objc; path = DFDeleteCellView.m; sourceTree = "<group>"; };
/* End PBXFileReference section */

/* Begin PBXFrameworksBuildPhase section */
		D6EBC79C2B2FF53D00A71CCF /* Frameworks */ = {
			isa = PBXFrameworksBuildPhase;
			buildActionMask = 2147483647;
			files = (
			);
			runOnlyForDeploymentPostprocessing = 0;
		};
/* End PBXFrameworksBuildPhase section */

/* Begin PBXGroup section */
		D6EBC7962B2FF53D00A71CCF = {
			isa = PBXGroup;
			children = (
				D6EBC7A12B2FF53D00A71CCF /* myfirstiosapp */,
				D6EBC7A02B2FF53D00A71CCF /* Products */,
			);
			sourceTree = "<group>";
		};
		D6EBC7A02B2FF53D00A71CCF /* Products */ = {
			isa = PBXGroup;
			children = (
				D6EBC79F2B2FF53D00A71CCF /* myfirstiosapp.app */,
			);
			name = Products;
			sourceTree = "<group>";
		};
		D6EBC7A12B2FF53D00A71CCF /* myfirstiosapp */ = {
			isa = PBXGroup;
			children = (
				D6EBC7CA2B30456900A71CCF /* RecommendController */,
				D6EBC7C32B3023EE00A71CCF /* VideoController */,
				D6EBC7BE2B300F1B00A71CCF /* NewsController */,
				D6EBC7BC2B2FF87600A71CCF /* icon.bundle */,
				D6EBC7A22B2FF53D00A71CCF /* AppDelegate.h */,
				D6EBC7A32B2FF53D00A71CCF /* AppDelegate.m */,
				D6EBC7A52B2FF53D00A71CCF /* SceneDelegate.h */,
				D6EBC7A62B2FF53D00A71CCF /* SceneDelegate.m */,
				D6EBC7AB2B2FF53D00A71CCF /* Main.storyboard */,
				D6EBC7AE2B2FF53F00A71CCF /* Assets.xcassets */,
				D6EBC7B02B2FF53F00A71CCF /* LaunchScreen.storyboard */,
				D6EBC7B32B2FF53F00A71CCF /* Info.plist */,
				D6EBC7B42B2FF53F00A71CCF /* main.m */,
			);
			path = myfirstiosapp;
			sourceTree = "<group>";
		};
		D6EBC7BE2B300F1B00A71CCF /* NewsController */ = {
			isa = PBXGroup;
			children = (
				D6EBC7E22B328B0000A71CCF /* NewsDetails */,
				D6EBC7A82B2FF53D00A71CCF /* NewsViewController.h */,
				D6EBC7A92B2FF53D00A71CCF /* NewsViewController.m */,
				D6EBC7CB2B31331800A71CCF /* NormalTableViewCell.h */,
				D6EBC7CC2B31331800A71CCF /* NormalTableViewCell.m */,
				D6EBC7E72B32C4BE00A71CCF /* DFDeleteCellView.h */,
				D6EBC7E82B32C4BE00A71CCF /* DFDeleteCellView.m */,
			);
			name = NewsController;
			sourceTree = "<group>";
		};
		D6EBC7C32B3023EE00A71CCF /* VideoController */ = {
			isa = PBXGroup;
			children = (
				D6EBC7C42B30250400A71CCF /* VideoViewController.m */,
				D6EBC7C62B30251A00A71CCF /* VideoViewController.h */,
			);
			path = VideoController;
			sourceTree = "<group>";
		};
		D6EBC7CA2B30456900A71CCF /* RecommendController */ = {
			isa = PBXGroup;
			children = (
				D6EBC7C72B30455A00A71CCF /* RecommendViewController.h */,
				D6EBC7C82B30455A00A71CCF /* RecommendViewController.m */,
			);
			path = RecommendController;
			sourceTree = "<group>";
		};
		D6EBC7E22B328B0000A71CCF /* NewsDetails */ = {
			isa = PBXGroup;
			children = (
				D6EBC7E42B328B4600A71CCF /* NewsDetailsViewController.h */,
				D6EBC7E52B328B4600A71CCF /* NewsDetailsViewController.m */,
			);
			path = NewsDetails;
			sourceTree = "<group>";
		};
/* End PBXGroup section */

/* Begin PBXNativeTarget section */
		D6EBC79E2B2FF53D00A71CCF /* myfirstiosapp */ = {
			isa = PBXNativeTarget;
			buildConfigurationList = D6EBC7B82B2FF53F00A71CCF /* Build configuration list for PBXNativeTarget "myfirstiosapp" */;
			buildPhases = (
				D6EBC79B2B2FF53D00A71CCF /* Sources */,
				D6EBC79C2B2FF53D00A71CCF /* Frameworks */,
				D6EBC79D2B2FF53D00A71CCF /* Resources */,
			);
			buildRules = (
			);
			dependencies = (
			);
			name = myfirstiosapp;
			productName = myfirstiosapp;
			productReference = D6EBC79F2B2FF53D00A71CCF /* myfirstiosapp.app */;
			productType = "com.apple.product-type.application";
		};
/* End PBXNativeTarget section */

/* Begin PBXProject section */
		D6EBC7972B2FF53D00A71CCF /* Project object */ = {
			isa = PBXProject;
			attributes = {
				BuildIndependentTargetsInParallel = 1;
				LastUpgradeCheck = 1510;
				TargetAttributes = {
					D6EBC79E2B2FF53D00A71CCF = {
						CreatedOnToolsVersion = 15.1;
					};
				};
			};
			buildConfigurationList = D6EBC79A2B2FF53D00A71CCF /* Build configuration list for PBXProject "myfirstiosapp" */;
			compatibilityVersion = "Xcode 14.0";
			developmentRegion = en;
			hasScannedForEncodings = 0;
			knownRegions = (
				en,
				Base,
			);
			mainGroup = D6EBC7962B2FF53D00A71CCF;
			productRefGroup = D6EBC7A02B2FF53D00A71CCF /* Products */;
			projectDirPath = "";
			projectRoot = "";
			targets = (
				D6EBC79E2B2FF53D00A71CCF /* myfirstiosapp */,
			);
		};
/* End PBXProject section */

/* Begin PBXResourcesBuildPhase section */
		D6EBC79D2B2FF53D00A71CCF /* Resources */ = {
			isa = PBXResourcesBuildPhase;
			buildActionMask = 2147483647;
			files = (
				D6EBC7BD2B2FF87600A71CCF /* icon.bundle in Resources */,
				D6EBC7B22B2FF53F00A71CCF /* LaunchScreen.storyboard in Resources */,
				D6EBC7AF2B2FF53F00A71CCF /* Assets.xcassets in Resources */,
				D6EBC7AD2B2FF53D00A71CCF /* Main.storyboard in Resources */,
			);
			runOnlyForDeploymentPostprocessing = 0;
		};
/* End PBXResourcesBuildPhase section */

/* Begin PBXSourcesBuildPhase section */
		D6EBC79B2B2FF53D00A71CCF /* Sources */ = {
			isa = PBXSourcesBuildPhase;
			buildActionMask = 2147483647;
			files = (
				D6EBC7E62B328B4600A71CCF /* NewsDetailsViewController.m in Sources */,
				D6EBC7E92B32C4BE00A71CCF /* DFDeleteCellView.m in Sources */,
				D6EBC7C52B30250400A71CCF /* VideoViewController.m in Sources */,
				D6EBC7AA2B2FF53D00A71CCF /* NewsViewController.m in Sources */,
				D6EBC7A42B2FF53D00A71CCF /* AppDelegate.m in Sources */,
				D6EBC7B52B2FF53F00A71CCF /* main.m in Sources */,
				D6EBC7A72B2FF53D00A71CCF /* SceneDelegate.m in Sources */,
				D6EBC7C92B30455A00A71CCF /* RecommendViewController.m in Sources */,
				D6EBC7CD2B31331800A71CCF /* NormalTableViewCell.m in Sources */,
			);
			runOnlyForDeploymentPostprocessing = 0;
		};
/* End PBXSourcesBuildPhase section */

/* Begin PBXVariantGroup section */
		D6EBC7AB2B2FF53D00A71CCF /* Main.storyboard */ = {
			isa = PBXVariantGroup;
			children = (
				D6EBC7AC2B2FF53D00A71CCF /* Base */,
			);
			name = Main.storyboard;
			sourceTree = "<group>";
		};
		D6EBC7B02B2FF53F00A71CCF /* LaunchScreen.storyboard */ = {
			isa = PBXVariantGroup;
			children = (
				D6EBC7B12B2FF53F00A71CCF /* Base */,
			);
			name = LaunchScreen.storyboard;
			sourceTree = "<group>";
		};
/* End PBXVariantGroup section */

/* Begin XCBuildConfiguration section */
		D6EBC7B62B2FF53F00A71CCF /* Debug */ = {
			isa = XCBuildConfiguration;
			buildSettings = {
				ALWAYS_SEARCH_USER_PATHS = NO;
				ASSETCATALOG_COMPILER_GENERATE_SWIFT_ASSET_SYMBOL_EXTENSIONS = YES;
				CLANG_ANALYZER_NONNULL = YES;
				CLANG_ANALYZER_NUMBER_OBJECT_CONVERSION = YES_AGGRESSIVE;
				CLANG_CXX_LANGUAGE_STANDARD = "gnu++20";
				CLANG_ENABLE_MODULES = YES;
				CLANG_ENABLE_OBJC_ARC = YES;
				CLANG_ENABLE_OBJC_WEAK = YES;
				CLANG_WARN_BLOCK_CAPTURE_AUTORELEASING = YES;
				CLANG_WARN_BOOL_CONVERSION = YES;
				CLANG_WARN_COMMA = YES;
				CLANG_WARN_CONSTANT_CONVERSION = YES;
				CLANG_WARN_DEPRECATED_OBJC_IMPLEMENTATIONS = YES;
				CLANG_WARN_DIRECT_OBJC_ISA_USAGE = YES_ERROR;
				CLANG_WARN_DOCUMENTATION_COMMENTS = YES;
				CLANG_WARN_EMPTY_BODY = YES;
				CLANG_WARN_ENUM_CONVERSION = YES;
				CLANG_WARN_INFINITE_RECURSION = YES;
				CLANG_WARN_INT_CONVERSION = YES;
				CLANG_WARN_NON_LITERAL_NULL_CONVERSION = YES;
				CLANG_WARN_OBJC_IMPLICIT_RETAIN_SELF = YES;
				CLANG_WARN_OBJC_LITERAL_CONVERSION = YES;
				CLANG_WARN_OBJC_ROOT_CLASS = YES_ERROR;
				CLANG_WARN_QUOTED_INCLUDE_IN_FRAMEWORK_HEADER = YES;
				CLANG_WARN_RANGE_LOOP_ANALYSIS = YES;
				CLANG_WARN_STRICT_PROTOTYPES = YES;
				CLANG_WARN_SUSPICIOUS_MOVE = YES;
				CLANG_WARN_UNGUARDED_AVAILABILITY = YES_AGGRESSIVE;
				CLANG_WARN_UNREACHABLE_CODE = YES;
				CLANG_WARN__DUPLICATE_METHOD_MATCH = YES;
				COPY_PHASE_STRIP = NO;
				DEBUG_INFORMATION_FORMAT = dwarf;
				ENABLE_STRICT_OBJC_MSGSEND = YES;
				ENABLE_TESTABILITY = YES;
				ENABLE_USER_SCRIPT_SANDBOXING = YES;
				GCC_C_LANGUAGE_STANDARD = gnu17;
				GCC_DYNAMIC_NO_PIC = NO;
				GCC_NO_COMMON_BLOCKS = YES;
				GCC_OPTIMIZATION_LEVEL = 0;
				GCC_PREPROCESSOR_DEFINITIONS = (
					"DEBUG=1",
					"$(inherited)",
				);
				GCC_WARN_64_TO_32_BIT_CONVERSION = YES;
				GCC_WARN_ABOUT_RETURN_TYPE = YES_ERROR;
				GCC_WARN_UNDECLARED_SELECTOR = YES;
				GCC_WARN_UNINITIALIZED_AUTOS = YES_AGGRESSIVE;
				GCC_WARN_UNUSED_FUNCTION = YES;
				GCC_WARN_UNUSED_VARIABLE = YES;
				IPHONEOS_DEPLOYMENT_TARGET = 17.2;
				LOCALIZATION_PREFERS_STRING_CATALOGS = YES;
				MTL_ENABLE_DEBUG_INFO = INCLUDE_SOURCE;
				MTL_FAST_MATH = YES;
				ONLY_ACTIVE_ARCH = YES;
				SDKROOT = iphoneos;
			};
			name = Debug;
		};
		D6EBC7B72B2FF53F00A71CCF /* Release */ = {
			isa = XCBuildConfiguration;
			buildSettings = {
				ALWAYS_SEARCH_USER_PATHS = NO;
				ASSETCATALOG_COMPILER_GENERATE_SWIFT_ASSET_SYMBOL_EXTENSIONS = YES;
				CLANG_ANALYZER_NONNULL = YES;
				CLANG_ANALYZER_NUMBER_OBJECT_CONVERSION = YES_AGGRESSIVE;
				CLANG_CXX_LANGUAGE_STANDARD = "gnu++20";
				CLANG_ENABLE_MODULES = YES;
				CLANG_ENABLE_OBJC_ARC = YES;
				CLANG_ENABLE_OBJC_WEAK = YES;
				CLANG_WARN_BLOCK_CAPTURE_AUTORELEASING = YES;
				CLANG_WARN_BOOL_CONVERSION = YES;
				CLANG_WARN_COMMA = YES;
				CLANG_WARN_CONSTANT_CONVERSION = YES;
				CLANG_WARN_DEPRECATED_OBJC_IMPLEMENTATIONS = YES;
				CLANG_WARN_DIRECT_OBJC_ISA_USAGE = YES_ERROR;
				CLANG_WARN_DOCUMENTATION_COMMENTS = YES;
				CLANG_WARN_EMPTY_BODY = YES;
				CLANG_WARN_ENUM_CONVERSION = YES;
				CLANG_WARN_INFINITE_RECURSION = YES;
				CLANG_WARN_INT_CONVERSION = YES;
				CLANG_WARN_NON_LITERAL_NULL_CONVERSION = YES;
				CLANG_WARN_OBJC_IMPLICIT_RETAIN_SELF = YES;
				CLANG_WARN_OBJC_LITERAL_CONVERSION = YES;
				CLANG_WARN_OBJC_ROOT_CLASS = YES_ERROR;
				CLANG_WARN_QUOTED_INCLUDE_IN_FRAMEWORK_HEADER = YES;
				CLANG_WARN_RANGE_LOOP_ANALYSIS = YES;
				CLANG_WARN_STRICT_PROTOTYPES = YES;
				CLANG_WARN_SUSPICIOUS_MOVE = YES;
				CLANG_WARN_UNGUARDED_AVAILABILITY = YES_AGGRESSIVE;
				CLANG_WARN_UNREACHABLE_CODE = YES;
				CLANG_WARN__DUPLICATE_METHOD_MATCH = YES;
				COPY_PHASE_STRIP = NO;
				DEBUG_INFORMATION_FORMAT = "dwarf-with-dsym";
				ENABLE_NS_ASSERTIONS = NO;
				ENABLE_STRICT_OBJC_MSGSEND = YES;
				ENABLE_USER_SCRIPT_SANDBOXING = YES;
				GCC_C_LANGUAGE_STANDARD = gnu17;
				GCC_NO_COMMON_BLOCKS = YES;
				GCC_WARN_64_TO_32_BIT_CONVERSION = YES;
				GCC_WARN_ABOUT_RETURN_TYPE = YES_ERROR;
				GCC_WARN_UNDECLARED_SELECTOR = YES;
				GCC_WARN_UNINITIALIZED_AUTOS = YES_AGGRESSIVE;
				GCC_WARN_UNUSED_FUNCTION = YES;
				GCC_WARN_UNUSED_VARIABLE = YES;
				IPHONEOS_DEPLOYMENT_TARGET = 17.2;
				LOCALIZATION_PREFERS_STRING_CATALOGS = YES;
				MTL_ENABLE_DEBUG_INFO = NO;
				MTL_FAST_MATH = YES;
				SDKROOT = iphoneos;
				VALIDATE_PRODUCT = YES;
			};
			name = Release;
		};
		D6EBC7B92B2FF53F00A71CCF /* Debug */ = {
			isa = XCBuildConfiguration;
			buildSettings = {
				ASSETCATALOG_COMPILER_APPICON_NAME = AppIcon;
				ASSETCATALOG_COMPILER_GLOBAL_ACCENT_COLOR_NAME = AccentColor;
				CODE_SIGN_STYLE = Automatic;
				CURRENT_PROJECT_VERSION = 1;
				DEVELOPMENT_TEAM = H9BQ39Z453;
				GENERATE_INFOPLIST_FILE = YES;
				INFOPLIST_FILE = myfirstiosapp/Info.plist;
				INFOPLIST_KEY_UIApplicationSupportsIndirectInputEvents = YES;
				INFOPLIST_KEY_UILaunchStoryboardName = LaunchScreen;
				INFOPLIST_KEY_UIMainStoryboardFile = Main;
				INFOPLIST_KEY_UISupportedInterfaceOrientations_iPad = "UIInterfaceOrientationPortrait UIInterfaceOrientationPortraitUpsideDown UIInterfaceOrientationLandscapeLeft UIInterfaceOrientationLandscapeRight";
				INFOPLIST_KEY_UISupportedInterfaceOrientations_iPhone = "UIInterfaceOrientationPortrait UIInterfaceOrientationLandscapeLeft UIInterfaceOrientationLandscapeRight";
				LD_RUNPATH_SEARCH_PATHS = (
					"$(inherited)",
					"@executable_path/Frameworks",
				);
				MARKETING_VERSION = 1.0;
				PRODUCT_BUNDLE_IDENTIFIER = com.dongfang.myfirstiosapp;
				PRODUCT_NAME = "$(TARGET_NAME)";
				SWIFT_EMIT_LOC_STRINGS = YES;
				TARGETED_DEVICE_FAMILY = "1,2";
			};
			name = Debug;
		};
		D6EBC7BA2B2FF53F00A71CCF /* Release */ = {
			isa = XCBuildConfiguration;
			buildSettings = {
				ASSETCATALOG_COMPILER_APPICON_NAME = AppIcon;
				ASSETCATALOG_COMPILER_GLOBAL_ACCENT_COLOR_NAME = AccentColor;
				CODE_SIGN_STYLE = Automatic;
				CURRENT_PROJECT_VERSION = 1;
				DEVELOPMENT_TEAM = H9BQ39Z453;
				GENERATE_INFOPLIST_FILE = YES;
				INFOPLIST_FILE = myfirstiosapp/Info.plist;
				INFOPLIST_KEY_UIApplicationSupportsIndirectInputEvents = YES;
				INFOPLIST_KEY_UILaunchStoryboardName = LaunchScreen;
				INFOPLIST_KEY_UIMainStoryboardFile = Main;
				INFOPLIST_KEY_UISupportedInterfaceOrientations_iPad = "UIInterfaceOrientationPortrait UIInterfaceOrientationPortraitUpsideDown UIInterfaceOrientationLandscapeLeft UIInterfaceOrientationLandscapeRight";
				INFOPLIST_KEY_UISupportedInterfaceOrientations_iPhone = "UIInterfaceOrientationPortrait UIInterfaceOrientationLandscapeLeft UIInterfaceOrientationLandscapeRight";
				LD_RUNPATH_SEARCH_PATHS = (
					"$(inherited)",
					"@executable_path/Frameworks",
				);
				MARKETING_VERSION = 1.0;
				PRODUCT_BUNDLE_IDENTIFIER = com.dongfang.myfirstiosapp;
				PRODUCT_NAME = "$(TARGET_NAME)";
				SWIFT_EMIT_LOC_STRINGS = YES;
				TARGETED_DEVICE_FAMILY = "1,2";
			};
			name = Release;
		};
/* End XCBuildConfiguration section */

/* Begin XCConfigurationList section */
		D6EBC79A2B2FF53D00A71CCF /* Build configuration list for PBXProject "myfirstiosapp" */ = {
			isa = XCConfigurationList;
			buildConfigurations = (
				D6EBC7B62B2FF53F00A71CCF /* Debug */,
				D6EBC7B72B2FF53F00A71CCF /* Release */,
			);
			defaultConfigurationIsVisible = 0;
			defaultConfigurationName = Release;
		};
		D6EBC7B82B2FF53F00A71CCF /* Build configuration list for PBXNativeTarget "myfirstiosapp" */ = {
			isa = XCConfigurationList;
			buildConfigurations = (
				D6EBC7B92B2FF53F00A71CCF /* Debug */,
				D6EBC7BA2B2FF53F00A71CCF /* Release */,
			);
			defaultConfigurationIsVisible = 0;
			defaultConfigurationName = Release;
		};
/* End XCConfigurationList section */
	};
	rootObject = D6EBC7972B2FF53D00A71CCF /* Project object */;
}
